
Microsoft Visual Studio Solution File, Format Version 12.00
# Visual Studio Version 17
VisualStudioVersion = 17.4.33205.214
MinimumVisualStudioVersion = 10.0.40219.1
Project("{9A19103F-16F7-4668-BE54-9A1E7A4F7556}") = "ProdInsumos.Infra.Ioc", "ProdInsumos.Infra.Ioc.csproj", "{AD26CA22-99AB-4F61-BAE2-7DBDC22EE1FE}"
EndProject
Project("{9A19103F-16F7-4668-BE54-9A1E7A4F7556}") = "ProdInsumos.Infra.Data", "..\ProdInsumos.Infra.Data\ProdInsumos.Infra.Data.csproj", "{0994B866-0F6D-4177-90BE-74CC216BA2D0}"
EndProject
Project("{9A19103F-16F7-4668-BE54-9A1E7A4F7556}") = "ProdInsumos.Domain", "..\ProdInsumos.Domain\ProdInsumos.Domain.csproj", "{16638C0A-B6CB-412E-9ABF-7327CF9F3C2E}"
EndProject
Project("{9A19103F-16F7-4668-BE54-9A1E7A4F7556}") = "ProdInsumos.Application", "..\ProdInsumos.Application\ProdInsumos.Application.csproj", "{286F922A-7460-474B-8C9B-03AA490D41CE}"
EndProject
Project("{FAE04EC0-301F-11D3-BF4B-00C04F79EFBC}") = "ProdInsumos", "..\ProdInsumos\ProdInsumos.csproj", "{B2F59C96-FBAE-4981-8248-6992B75717EE}"
EndProject
Global
	GlobalSection(SolutionConfigurationPlatforms) = preSolution
		Debug|Any CPU = Debug|Any CPU
		Release|Any CPU = Release|Any CPU
	EndGlobalSection
	GlobalSection(ProjectConfigurationPlatforms) = postSolution
		{AD26CA22-99AB-4F61-BAE2-7DBDC22EE1FE}.Debug|Any CPU.ActiveCfg = Debug|Any CPU
		{AD26CA22-99AB-4F61-BAE2-7DBDC22EE1FE}.Debug|Any CPU.Build.0 = Debug|Any CPU
		{AD26CA22-99AB-4F61-BAE2-7DBDC22EE1FE}.Release|Any CPU.ActiveCfg = Release|Any CPU
		{AD26CA22-99AB-4F61-BAE2-7DBDC22EE1FE}.Release|Any CPU.Build.0 = Release|Any CPU
		{0994B866-0F6D-4177-90BE-74CC216BA2D0}.Debug|Any CPU.ActiveCfg = Debug|Any CPU
		{0994B866-0F6D-4177-90BE-74CC216BA2D0}.Debug|Any CPU.Build.0 = Debug|Any CPU
		{0994B866-0F6D-4177-90BE-74CC216BA2D0}.Release|Any CPU.ActiveCfg = Release|Any CPU
		{0994B866-0F6D-4177-90BE-74CC216BA2D0}.Release|Any CPU.Build.0 = Release|Any CPU
		{16638C0A-B6CB-412E-9ABF-7327CF9F3C2E}.Debug|Any CPU.ActiveCfg = Debug|Any CPU
		{16638C0A-B6CB-412E-9ABF-7327CF9F3C2E}.Debug|Any CPU.Build.0 = Debug|Any CPU
		{16638C0A-B6CB-412E-9ABF-7327CF9F3C2E}.Release|Any CPU.ActiveCfg = Release|Any CPU
		{16638C0A-B6CB-412E-9ABF-7327CF9F3C2E}.Release|Any CPU.Build.0 = Release|Any CPU
		{286F922A-7460-474B-8C9B-03AA490D41CE}.Debug|Any CPU.ActiveCfg = Debug|Any CPU
		{286F922A-7460-474B-8C9B-03AA490D41CE}.Debug|Any CPU.Build.0 = Debug|Any CPU
		{286F922A-7460-474B-8C9B-03AA490D41CE}.Release|Any CPU.ActiveCfg = Release|Any CPU
		{286F922A-7460-474B-8C9B-03AA490D41CE}.Release|Any CPU.Build.0 = Release|Any CPU
		{B2F59C96-FBAE-4981-8248-6992B75717EE}.Debug|Any CPU.ActiveCfg = Debug|Any CPU
		{B2F59C96-FBAE-4981-8248-6992B75717EE}.Debug|Any CPU.Build.0 = Debug|Any CPU
		{B2F59C96-FBAE-4981-8248-6992B75717EE}.Release|Any CPU.ActiveCfg = Release|Any CPU
		{B2F59C96-FBAE-4981-8248-6992B75717EE}.Release|Any CPU.Build.0 = Release|Any CPU
	EndGlobalSection
	GlobalSection(SolutionProperties) = preSolution
		HideSolutionNode = FALSE
	EndGlobalSection
	GlobalSection(ExtensibilityGlobals) = postSolution
		SolutionGuid = {4BE4BBB7-3383-453A-AE79-D6EAFB8149D9}
	EndGlobalSection
EndGlobal
